
Microsoft Visual Studio Solution File, Format Version 12.00
# Visual Studio Version 17
VisualStudioVersion = 17.14.36301.6 d17.14
MinimumVisualStudioVersion = 10.0.40219.1
Project("{FAE04EC0-301F-11D3-BF4B-00C04F79EFBC}") = "Assignment Session07", "Assignment Session07\Assignment Session07.csproj", "{A657F95E-8542-404F-805F-352C0B1ADB80}"
EndProject
Global
	GlobalSection(SolutionConfigurationPlatforms) = preSolution
		Debug|Any CPU = Debug|Any CPU
		Release|Any CPU = Release|Any CPU
	EndGlobalSection
	GlobalSection(ProjectConfigurationPlatforms) = postSolution
		{A657F95E-8542-404F-805F-352C0B1ADB80}.Debug|Any CPU.ActiveCfg = Debug|Any CPU
		{A657F95E-8542-404F-805F-352C0B1ADB80}.Debug|Any CPU.Build.0 = Debug|Any CPU
		{A657F95E-8542-404F-805F-352C0B1ADB80}.Release|Any CPU.ActiveCfg = Release|Any CPU
		{A657F95E-8542-404F-805F-352C0B1ADB80}.Release|Any CPU.Build.0 = Release|Any CPU
	EndGlobalSection
	GlobalSection(SolutionProperties) = preSolution
		HideSolutionNode = FALSE
	EndGlobalSection
	GlobalSection(ExtensibilityGlobals) = postSolution
		SolutionGuid = {AA3A1B37-03B3-47DA-A674-129473112FB5}
	EndGlobalSection
EndGlobal
